schema: '2.0'
stages:
  preprocess:
    cmd: python3 preprocess_dataset.py
    deps:
    - path: preprocess_dataset.py
      hash: md5
      md5: a01b7211c6e8fc8709a611a2fc692f0d
      size: 3539
    - path: raw_dataset/weather_training_data.csv
      hash: md5
      md5: 2968a54f969d7b1e1bfe6c8346bc2c4a
      size: 10105884
    - path: utils_and_constants.py
      hash: md5
      md5: a316327a4a063cb7a43e24fabf6b95c7
      size: 390
    outs:
    - path: processed_dataset/weather.csv
      hash: md5
      md5: aca6da1ed30d43918b2a1e61eff72f4b
      size: 40026903
  train:
    cmd: python3 train.py
    deps:
    - path: metrics_and_plots.py
      hash: md5
      md5: 9b9232872a4927f8554cc0d700292044
      size: 1026
    - path: model.py
      hash: md5
      md5: f3f15beffb9d8c4db6e1c801a28f0cfd
      size: 1001
    - path: processed_dataset/weather.csv
      hash: md5
      md5: aca6da1ed30d43918b2a1e61eff72f4b
      size: 40026903
    - path: train.py
      hash: md5
      md5: 04d27984faa62ea8c1664cf72cc904e4
      size: 1246
    - path: utils_and_constants.py
      hash: md5
      md5: a316327a4a063cb7a43e24fabf6b95c7
      size: 390
    outs:
    - path: metrics.json
      hash: md5
      md5: 6a90149ccb037aa758f98bceb6762344
      size: 78
    - path: predictions.csv
      hash: md5
      md5: c88174792799010edcd6126929ad2058
      size: 99543
